
Microsoft Visual Studio Solution File, Format Version 12.00
# Visual Studio Version 16
VisualStudioVersion = 16.6.30114.105
MinimumVisualStudioVersion = 10.0.40219.1
Project("{FAE04EC0-301F-11D3-BF4B-00C04F79EFBC}") = "eventhub.receiver", "eventhub.receiver\eventhub.receiver.csproj", "{2BF7918F-2B56-4BA1-B3A7-830AC850C471}"
EndProject
Project("{FAE04EC0-301F-11D3-BF4B-00C04F79EFBC}") = "eventhub.test", "eventhub.test\eventhub.test.csproj", "{5CE1CCEB-E16D-450B-8A5E-E1CCCEB8CB7F}"
EndProject
Project("{FAE04EC0-301F-11D3-BF4B-00C04F79EFBC}") = "eventhub.sender", "eventhub.sender\eventhub.sender.csproj", "{6D3362FE-0189-4786-8DFC-E9A7C4796C4B}"
EndProject
Global
	GlobalSection(SolutionConfigurationPlatforms) = preSolution
		Debug|Any CPU = Debug|Any CPU
		Debug|x64 = Debug|x64
		Debug|x86 = Debug|x86
		Release|Any CPU = Release|Any CPU
		Release|x64 = Release|x64
		Release|x86 = Release|x86
	EndGlobalSection
	GlobalSection(SolutionProperties) = preSolution
		HideSolutionNode = FALSE
	EndGlobalSection
	GlobalSection(ProjectConfigurationPlatforms) = postSolution
		{2BF7918F-2B56-4BA1-B3A7-830AC850C471}.Debug|Any CPU.ActiveCfg = Debug|Any CPU
		{2BF7918F-2B56-4BA1-B3A7-830AC850C471}.Debug|Any CPU.Build.0 = Debug|Any CPU
		{2BF7918F-2B56-4BA1-B3A7-830AC850C471}.Debug|x64.ActiveCfg = Debug|Any CPU
		{2BF7918F-2B56-4BA1-B3A7-830AC850C471}.Debug|x64.Build.0 = Debug|Any CPU
		{2BF7918F-2B56-4BA1-B3A7-830AC850C471}.Debug|x86.ActiveCfg = Debug|Any CPU
		{2BF7918F-2B56-4BA1-B3A7-830AC850C471}.Debug|x86.Build.0 = Debug|Any CPU
		{2BF7918F-2B56-4BA1-B3A7-830AC850C471}.Release|Any CPU.ActiveCfg = Release|Any CPU
		{2BF7918F-2B56-4BA1-B3A7-830AC850C471}.Release|Any CPU.Build.0 = Release|Any CPU
		{2BF7918F-2B56-4BA1-B3A7-830AC850C471}.Release|x64.ActiveCfg = Release|Any CPU
		{2BF7918F-2B56-4BA1-B3A7-830AC850C471}.Release|x64.Build.0 = Release|Any CPU
		{2BF7918F-2B56-4BA1-B3A7-830AC850C471}.Release|x86.ActiveCfg = Release|Any CPU
		{2BF7918F-2B56-4BA1-B3A7-830AC850C471}.Release|x86.Build.0 = Release|Any CPU
		{5CE1CCEB-E16D-450B-8A5E-E1CCCEB8CB7F}.Debug|Any CPU.ActiveCfg = Debug|Any CPU
		{5CE1CCEB-E16D-450B-8A5E-E1CCCEB8CB7F}.Debug|Any CPU.Build.0 = Debug|Any CPU
		{5CE1CCEB-E16D-450B-8A5E-E1CCCEB8CB7F}.Debug|x64.ActiveCfg = Debug|Any CPU
		{5CE1CCEB-E16D-450B-8A5E-E1CCCEB8CB7F}.Debug|x64.Build.0 = Debug|Any CPU
		{5CE1CCEB-E16D-450B-8A5E-E1CCCEB8CB7F}.Debug|x86.ActiveCfg = Debug|Any CPU
		{5CE1CCEB-E16D-450B-8A5E-E1CCCEB8CB7F}.Debug|x86.Build.0 = Debug|Any CPU
		{5CE1CCEB-E16D-450B-8A5E-E1CCCEB8CB7F}.Release|Any CPU.ActiveCfg = Release|Any CPU
		{5CE1CCEB-E16D-450B-8A5E-E1CCCEB8CB7F}.Release|Any CPU.Build.0 = Release|Any CPU
		{5CE1CCEB-E16D-450B-8A5E-E1CCCEB8CB7F}.Release|x64.ActiveCfg = Release|Any CPU
		{5CE1CCEB-E16D-450B-8A5E-E1CCCEB8CB7F}.Release|x64.Build.0 = Release|Any CPU
		{5CE1CCEB-E16D-450B-8A5E-E1CCCEB8CB7F}.Release|x86.ActiveCfg = Release|Any CPU
		{5CE1CCEB-E16D-450B-8A5E-E1CCCEB8CB7F}.Release|x86.Build.0 = Release|Any CPU
		{6D3362FE-0189-4786-8DFC-E9A7C4796C4B}.Debug|Any CPU.ActiveCfg = Debug|Any CPU
		{6D3362FE-0189-4786-8DFC-E9A7C4796C4B}.Debug|Any CPU.Build.0 = Debug|Any CPU
		{6D3362FE-0189-4786-8DFC-E9A7C4796C4B}.Debug|x64.ActiveCfg = Debug|Any CPU
		{6D3362FE-0189-4786-8DFC-E9A7C4796C4B}.Debug|x64.Build.0 = Debug|Any CPU
		{6D3362FE-0189-4786-8DFC-E9A7C4796C4B}.Debug|x86.ActiveCfg = Debug|Any CPU
		{6D3362FE-0189-4786-8DFC-E9A7C4796C4B}.Debug|x86.Build.0 = Debug|Any CPU
		{6D3362FE-0189-4786-8DFC-E9A7C4796C4B}.Release|Any CPU.ActiveCfg = Release|Any CPU
		{6D3362FE-0189-4786-8DFC-E9A7C4796C4B}.Release|Any CPU.Build.0 = Release|Any CPU
		{6D3362FE-0189-4786-8DFC-E9A7C4796C4B}.Release|x64.ActiveCfg = Release|Any CPU
		{6D3362FE-0189-4786-8DFC-E9A7C4796C4B}.Release|x64.Build.0 = Release|Any CPU
		{6D3362FE-0189-4786-8DFC-E9A7C4796C4B}.Release|x86.ActiveCfg = Release|Any CPU
		{6D3362FE-0189-4786-8DFC-E9A7C4796C4B}.Release|x86.Build.0 = Release|Any CPU
	EndGlobalSection
EndGlobal
